
Microsoft Visual Studio Solution File, Format Version 12.00
# Visual Studio Version 16
VisualStudioVersion = 16.0.29306.81
MinimumVisualStudioVersion = 10.0.40219.1
Project("{FAE04EC0-301F-11D3-BF4B-00C04F79EFBC}") = "DateTimeLAB", "DateTimeLAB.csproj", "{42E20362-C1B1-42BD-A45A-A8289A5C84C8}"
EndProject
Global
	GlobalSection(SolutionConfigurationPlatforms) = preSolution
		Debug|Any CPU = Debug|Any CPU
		Release|Any CPU = Release|Any CPU
	EndGlobalSection
	GlobalSection(ProjectConfigurationPlatforms) = postSolution
		{42E20362-C1B1-42BD-A45A-A8289A5C84C8}.Debug|Any CPU.ActiveCfg = Debug|Any CPU
		{42E20362-C1B1-42BD-A45A-A8289A5C84C8}.Debug|Any CPU.Build.0 = Debug|Any CPU
		{42E20362-C1B1-42BD-A45A-A8289A5C84C8}.Release|Any CPU.ActiveCfg = Release|Any CPU
		{42E20362-C1B1-42BD-A45A-A8289A5C84C8}.Release|Any CPU.Build.0 = Release|Any CPU
	EndGlobalSection
	GlobalSection(SolutionProperties) = preSolution
		HideSolutionNode = FALSE
	EndGlobalSection
	GlobalSection(ExtensibilityGlobals) = postSolution
		SolutionGuid = {BA6D396E-50C9-40FD-9C53-6ACEB7BA83A3}
	EndGlobalSection
EndGlobal
